{
  "requires": true,
  "lockfileVersion": 1,
  "dependencies": {
    "asn1": {
      "version": "0.2.4",
      "resolved": "https://registry.npm.taobao.org/asn1/download/asn1-0.2.4.tgz",
      "requires": {
        "safer-buffer": "~2.1.0"
      },
      "dependencies": {
        "safer-buffer": {
          "version": "2.1.2",
          "resolved": "https://registry.npm.taobao.org/safer-buffer/download/safer-buffer-2.1.2.tgz"
        }
      }
    },
    "base64": {
      "version": "2.1.0",
      "resolved": "https://registry.npm.taobao.org/base64/download/base64-2.1.0.tgz"
    },
    "crypto-js": {
      "version": "file:https:/registry.npm.taobao.org/crypto-js/download/crypto-js-4.0.0.tgz?cache=0&sync_timestamp=1581509247325&other_urls=https%3A%2F%2Fregistry.npm.taobao.org%2Fcrypto-js%2Fdownload%2Fcrypto-js-4.0.0.tgz"
    },
    "dom-walk": {
      "version": "file:https:/registry.npm.taobao.org/dom-walk/download/dom-walk-0.1.2.tgz?cache=0&sync_timestamp=1585903908305&other_urls=https%3A%2F%2Fregistry.npm.taobao.org%2Fdom-walk%2Fdownload%2Fdom-walk-0.1.2.tgz"
    },
    "get-random-values": {
      "version": "1.2.0",
      "resolved": "https://registry.npm.taobao.org/get-random-values/download/get-random-values-1.2.0.tgz",
      "requires": {
        "global": "^4.2.1"
      },
      "dependencies": {
        "global": {
          "version": "4.4.0",
          "bundled": true,
          "requires": {
            "min-document": "^2.19.0",
            "process": "^0.11.10"
          },
          "dependencies": {
            "min-document": {
              "version": "2.19.0",
              "resolved": "https://registry.npm.taobao.org/min-document/download/min-document-2.19.0.tgz",
              "requires": {
                "dom-walk": "^0.1.0"
              },
              "dependencies": {
                "dom-walk": {
                  "version": "0.1.2",
                  "resolved": "https://registry.npm.taobao.org/dom-walk/download/dom-walk-0.1.2.tgz?cache=0&sync_timestamp=1585903908305&other_urls=https%3A%2F%2Fregistry.npm.taobao.org%2Fdom-walk%2Fdownload%2Fdom-walk-0.1.2.tgz"
                }
              }
            },
            "process": {
              "version": "0.11.10",
              "resolved": "https://registry.npm.taobao.org/process/download/process-0.11.10.tgz"
            }
          }
        }
      }
    },
    "global": {
      "version": "file:https:/registry.npm.taobao.org/global/download/global-4.4.0.tgz",
      "requires": {
        "min-document": "^2.19.0",
        "process": "^0.11.10"
      },
      "dependencies": {
        "min-document": {
          "version": "2.19.0",
          "resolved": "https://registry.npm.taobao.org/min-document/download/min-document-2.19.0.tgz",
          "requires": {
            "dom-walk": "^0.1.0"
          },
          "dependencies": {}
        },
        "process": {
          "version": "0.11.10",
          "resolved": "https://registry.npm.taobao.org/process/download/process-0.11.10.tgz"
        }
      }
    },
    "js-base64": {
      "version": "3.4.5",
      "resolved": "https://registry.npmjs.org/js-base64/-/js-base64-3.4.5.tgz",
      "integrity": "sha512-Ub/AANierdcT8nm4ndBn3KzpZQ3MdHX4a+bwoVdjgeHCZ0ZEcP+UB4nmR4Z5lR6SH3Y+qAPmgVR0RxKJNHNHEg=="
    },
    "jsencrypt": {
      "version": "file:https:/registry.npm.taobao.org/jsencrypt/download/jsencrypt-3.0.0-rc.1.tgz"
    },
    "min-document": {
      "version": "file:https:/registry.npm.taobao.org/min-document/download/min-document-2.19.0.tgz",
      "requires": {
        "dom-walk": "^0.1.0"
      },
      "dependencies": {
        "dom-walk": {
          "version": "0.1.2",
          "resolved": "https://registry.npm.taobao.org/dom-walk/download/dom-walk-0.1.2.tgz?cache=0&sync_timestamp=1585903908305&other_urls=https%3A%2F%2Fregistry.npm.taobao.org%2Fdom-walk%2Fdownload%2Fdom-walk-0.1.2.tgz"
        }
      }
    },
    "node-jsencrypt": {
      "version": "file:https:/registry.npm.taobao.org/node-jsencrypt/download/node-jsencrypt-1.0.0.tgz",
      "requires": {
        "get-random-values": "^1.2.0"
      },
      "dependencies": {
        "get-random-values": {
          "version": "1.2.0",
          "resolved": "https://registry.npm.taobao.org/get-random-values/download/get-random-values-1.2.0.tgz",
          "requires": {
            "global": "^4.2.1"
          },
          "dependencies": {
            "global": {
              "version": "4.4.0",
              "bundled": true,
              "requires": {
                "min-document": "^2.19.0",
                "process": "^0.11.10"
              },
              "dependencies": {}
            }
          }
        }
      }
    },
    "node-rsa": {
      "version": "file:https:/registry.npm.taobao.org/node-rsa/download/node-rsa-1.1.1.tgz",
      "requires": {
        "asn1": "^0.2.4"
      },
      "dependencies": {
        "asn1": {
          "version": "0.2.4",
          "resolved": "https://registry.npm.taobao.org/asn1/download/asn1-0.2.4.tgz",
          "requires": {
            "safer-buffer": "~2.1.0"
          },
          "dependencies": {
            "safer-buffer": {
              "version": "2.1.2",
              "resolved": "https://registry.npm.taobao.org/safer-buffer/download/safer-buffer-2.1.2.tgz"
            }
          }
        }
      }
    },
    "pidcrypt": {
      "version": "0.0.31",
      "resolved": "https://registry.npm.taobao.org/pidcrypt/download/pidcrypt-0.0.31.tgz"
    },
    "process": {
      "version": "0.11.10",
      "resolved": "https://registry.npm.taobao.org/process/download/process-0.11.10.tgz"
    },
    "rsa-key": {
      "version": "file:https:/registry.npm.taobao.org/rsa-key/download/rsa-key-0.0.6.tgz",
      "requires": {
        "asn1": "0.2.3"
      },
      "dependencies": {
        "asn1": {
          "version": "0.2.3",
          "resolved": "https://registry.npm.taobao.org/asn1/download/asn1-0.2.3.tgz"
        }
      }
    },
    "safer-buffer": {
      "version": "file:https:/registry.npm.taobao.org/safer-buffer/download/safer-buffer-2.1.2.tgz"
    }
  }
}
